{
  "name": "flus",
  "version": "0.0.7",
  "lockfileVersion": 2,
  "requires": true,
  "packages": {
    "": {
      "name": "flus",
      "version": "0.0.7",
      "license": "MIT",
      "dependencies": {
        "flus": "^0.0.1"
      }
    },
    "node_modules/flus": {
      "version": "0.0.1",
      "resolved": "https://registry.npmjs.org/flus/-/flus-0.0.1.tgz",
      "integrity": "sha512-YUVWr9oiBs6Q6S9g86XD+zcsVJKw3SJX/kzyrsepzbyfzuqpFvk4czImUMZfaFKJ7k8OVK1N+lBldh66UCCmvg=="
    }
  },
  "dependencies": {
    "flus": {
      "version": "0.0.1",
      "resolved": "https://registry.npmjs.org/flus/-/flus-0.0.1.tgz",
      "integrity": "sha512-YUVWr9oiBs6Q6S9g86XD+zcsVJKw3SJX/kzyrsepzbyfzuqpFvk4czImUMZfaFKJ7k8OVK1N+lBldh66UCCmvg=="
    }
  }
}
